// !$*UTF8*$!
{
	archiveVersion = 1;
	classes = {
	};
	objectVersion = 77;
	objects = {

/* Begin PBXBuildFile section */
		030D75DFF29A0291490152AE /* MenuBarContent.swift in Sources */ = {isa = PBXBuildFile; fileRef = 85468D5919089B6811DE98E2 /* MenuBarContent.swift */; };
		052342892F3C598D821D8A24 /* SettingsView.swift in Sources */ = {isa = PBXBuildFile; fileRef = 4D94509504EADBE0621635B5 /* SettingsView.swift */; };
		05FA1383FBF2647E2DB737D5 /* PipesView.swift in Sources */ = {isa = PBXBuildFile; fileRef = 0FC17A8BC84D033F2556A51A /* PipesView.swift */; };
		072860C973E4DBA516775F3C /* RetentionManager.swift in Sources */ = {isa = PBXBuildFile; fileRef = F7902CB9E4BB8DD3843B259A /* RetentionManager.swift */; };
		091D3826B3E1BF7564B35B11 /* SearchModels.swift in Sources */ = {isa = PBXBuildFile; fileRef = DE1404EC96AE44E057EABD79 /* SearchModels.swift */; };
		0AE7E348E5A851C8982867C5 /* ConnectionsView.swift in Sources */ = {isa = PBXBuildFile; fileRef = 6D33EE9499690E50656AF007 /* ConnectionsView.swift */; };
		0C4050754AC3B4D56474845B /* DailySummaryService.swift in Sources */ = {isa = PBXBuildFile; fileRef = F77EB7593B9E0A897C775E58 /* DailySummaryService.swift */; };
		0E5E02E2B432E9845F4F619B /* SlishuMCPServer.swift in Sources */ = {isa = PBXBuildFile; fileRef = CBF0D0FC371E67968F4A7FDE /* SlishuMCPServer.swift */; };
		0FF6D209C37D3A4767327DB8 /* PrivacyStore.swift in Sources */ = {isa = PBXBuildFile; fileRef = 789C0E822AE28BF28BC2F864 /* PrivacyStore.swift */; };
		2163973E969C7EC43928443C /* AudioPlayerStore.swift in Sources */ = {isa = PBXBuildFile; fileRef = B44E0AA3D57F212799AF3F18 /* AudioPlayerStore.swift */; };
		28BB030D738F0A6F6FEBBA86 /* OnboardingView.swift in Sources */ = {isa = PBXBuildFile; fileRef = A25665FC199B1D2E4C40BF83 /* OnboardingView.swift */; };
		2F664B600F99A8C0C0800ABB /* GRDB in Frameworks */ = {isa = PBXBuildFile; productRef = E50BDB1867BCF8DAE6CCA7B7 /* GRDB */; };
		2FAFC829CD6D47A596A3FCA1 /* Log.swift in Sources */ = {isa = PBXBuildFile; fileRef = BEA78C821D0BA428FA1EC02B /* Log.swift */; };
		3193F9EDB308DDAF3C5BCB91 /* CaptureConfig.swift in Sources */ = {isa = PBXBuildFile; fileRef = 72F86C97ECD51BCB539F0853 /* CaptureConfig.swift */; };
		3352E2CB22EFEB25D5CD1C13 /* BackupSettingsStore.swift in Sources */ = {isa = PBXBuildFile; fileRef = CDBF144F453F4EF285D17CBB /* BackupSettingsStore.swift */; };
		36B08DB5B1DD919F703E99EA /* Models.swift in Sources */ = {isa = PBXBuildFile; fileRef = F9DD48BC8440AB8A1DC921D5 /* Models.swift */; };
		3D69CB9BF3B345734584D645 /* ConnectionStore.swift in Sources */ = {isa = PBXBuildFile; fileRef = B7255136F4F8775DD12289CA /* ConnectionStore.swift */; };
		41E9AAF16D201498AAB506E6 /* SlishuApp.swift in Sources */ = {isa = PBXBuildFile; fileRef = D3AB7488211688BEB6AE5B57 /* SlishuApp.swift */; };
		431858EE56BA1B25510EF8E4 /* LocalLLMClient.swift in Sources */ = {isa = PBXBuildFile; fileRef = A07DF0655117063C77235410 /* LocalLLMClient.swift */; };
		431AAF914A523CF4D897C890 /* PipeModels.swift in Sources */ = {isa = PBXBuildFile; fileRef = CBCD1FDA3F59FA372C8CDDBF /* PipeModels.swift */; };
		47C1A2A2F24D7AD735A6F06B /* TimelineStore.swift in Sources */ = {isa = PBXBuildFile; fileRef = 8C9C3297DD0415E05A284477 /* TimelineStore.swift */; };
		47F6C632DA2567C54173C75B /* AudioCoordinator.swift in Sources */ = {isa = PBXBuildFile; fileRef = 7D54BAB96C12BF1576BA1AB0 /* AudioCoordinator.swift */; };
		481F4E0DA4FD8C81861CC3CB /* CSqliteVec in Frameworks */ = {isa = PBXBuildFile; productRef = 775C67561E5D8CFDF789B90E /* CSqliteVec */; };
		4BC5B5D37DEA1358791ABBE6 /* RecordingStatusView.swift in Sources */ = {isa = PBXBuildFile; fileRef = 7ADA1B003B840B1C22235445 /* RecordingStatusView.swift */; };
		4CC0277036811864917F31B2 /* StatusPill.swift in Sources */ = {isa = PBXBuildFile; fileRef = D4AE28603E46FDE5C5F797CB /* StatusPill.swift */; };
		4FBB041DE7B66BD5F006E1EE /* ServerStore.swift in Sources */ = {isa = PBXBuildFile; fileRef = 4B1ECCB78CAD3A94D71A006C /* ServerStore.swift */; };
		530309BAA473C0660547F0C6 /* Embeddings in Frameworks */ = {isa = PBXBuildFile; productRef = 24742AAA299A4DCD60BFB663 /* Embeddings */; };
		5E6B47C246B6FD88AB9C22AD /* AppEnvironment.swift in Sources */ = {isa = PBXBuildFile; fileRef = 1AC71FD810C091D666DF2684 /* AppEnvironment.swift */; };
		6151B9F411382C81F5E7DF6D /* VADSegmenter.swift in Sources */ = {isa = PBXBuildFile; fileRef = A46995C3A2B09A486D5C35A6 /* VADSegmenter.swift */; };
		6461E4D8F7E463AD360D178A /* AudioSettingsStore.swift in Sources */ = {isa = PBXBuildFile; fileRef = D355D0FFC3622738AF6798FA /* AudioSettingsStore.swift */; };
		656F85CE426EE4B080FB97A2 /* KeychainStore.swift in Sources */ = {isa = PBXBuildFile; fileRef = 914CF765A99B0AE33C22A9F8 /* KeychainStore.swift */; };
		67A28D60FABEDAD65265685E /* IngestService.swift in Sources */ = {isa = PBXBuildFile; fileRef = 898B97AAE745E09EABCB0E45 /* IngestService.swift */; };
		6CCDBFB6032D621781F78502 /* StorageSettingsStore.swift in Sources */ = {isa = PBXBuildFile; fileRef = F3C69FADAA7CECA930DEEF79 /* StorageSettingsStore.swift */; };
		6D9D665F2104997BEB6D4FE6 /* FlyingFox in Frameworks */ = {isa = PBXBuildFile; productRef = 0400A9FFCFFEDA58732DAD1C /* FlyingFox */; };
		86580792FD5275CFCAEB0041 /* SlishuDatabase.swift in Sources */ = {isa = PBXBuildFile; fileRef = 4DBFADFD0C18D26A17C65504 /* SlishuDatabase.swift */; };
		86B42D37070BB86E28E61FBE /* ScreenpipeImporter.swift in Sources */ = {isa = PBXBuildFile; fileRef = EF892166281FD4E149FC1159 /* ScreenpipeImporter.swift */; };
		8972B75621B13D869387DA2A /* DaySummaryStore.swift in Sources */ = {isa = PBXBuildFile; fileRef = FD306412403DC76082E6AC13 /* DaySummaryStore.swift */; };
		8A767B8BFE539483AD58B1CA /* TimelineService.swift in Sources */ = {isa = PBXBuildFile; fileRef = B6203EDB62C3216E9E4D48DA /* TimelineService.swift */; };
		8A8C0AC3FDFC94F1DC9E4F5B /* AudioModels.swift in Sources */ = {isa = PBXBuildFile; fileRef = 20298C2146FAFE284CF4BFEE /* AudioModels.swift */; };
		8B696A9987F86E13170CBD61 /* SlishuMain.swift in Sources */ = {isa = PBXBuildFile; fileRef = 15B2838F435D3E0B50A4DDA8 /* SlishuMain.swift */; };
		922281782C17956EEEC524C9 /* AudioCaptureEngine.swift in Sources */ = {isa = PBXBuildFile; fileRef = 355440589631E906AB9CF6EE /* AudioCaptureEngine.swift */; };
		94E04751D403B6BB79FAA891 /* MCP in Frameworks */ = {isa = PBXBuildFile; productRef = 740207293E7322CB790FE9E8 /* MCP */; };
		9880F1124F8A3265EC2D966F /* StorageManager.swift in Sources */ = {isa = PBXBuildFile; fileRef = DF62A463F390B3BFE38A088F /* StorageManager.swift */; };
		A7B3A1CB41149AF52EFB487A /* RootWindow.swift in Sources */ = {isa = PBXBuildFile; fileRef = 53D6C6C15BA2D8C9EE30D9F5 /* RootWindow.swift */; };
		A8677755A9A6E5E8E11D586A /* SlishuHTTPServer.swift in Sources */ = {isa = PBXBuildFile; fileRef = 999FEB81FC35928A68723922 /* SlishuHTTPServer.swift */; };
		B5E4E2BC12CA3CA3139ABA56 /* FramePipeline.swift in Sources */ = {isa = PBXBuildFile; fileRef = 21CF7D2DE9129F6F916AF611 /* FramePipeline.swift */; };
		C03360FBB21B6EBA39B9490E /* TranscriptionService.swift in Sources */ = {isa = PBXBuildFile; fileRef = D6086C742FF829DE6A58C0F3 /* TranscriptionService.swift */; };
		C136E7997FB8F34FCE46F6FA /* BackupManager.swift in Sources */ = {isa = PBXBuildFile; fileRef = FF9C130B954580EE59C80566 /* BackupManager.swift */; };
		C317CE24AB6A2A691B7170E4 /* SearchService.swift in Sources */ = {isa = PBXBuildFile; fileRef = 0EA653B6504C3A8AA1A4CB1D /* SearchService.swift */; };
		C3E3BCB1FCBF471190075C52 /* RecordingStore.swift in Sources */ = {isa = PBXBuildFile; fileRef = 361AA50A2CDE07979B1F39A6 /* RecordingStore.swift */; };
		C5D8341DE5F2F73866C11E61 /* EmbeddingService.swift in Sources */ = {isa = PBXBuildFile; fileRef = DC44870584F3FA4CA135C146 /* EmbeddingService.swift */; };
		C7A5504650A4D9DF2045C929 /* SystemAudioCaptureEngine.swift in Sources */ = {isa = PBXBuildFile; fileRef = 8D31CB249968B3224BDE41EB /* SystemAudioCaptureEngine.swift */; };
		C86D830AADAD17EEE3F925C6 /* AudioPipeline.swift in Sources */ = {isa = PBXBuildFile; fileRef = 10D5C54644AF523A703B4B5D /* AudioPipeline.swift */; };
		C9B054F7B9AD2EBD723D8B4E /* SidebarView.swift in Sources */ = {isa = PBXBuildFile; fileRef = 491BBDBCEFF2F46C0F53E4DC /* SidebarView.swift */; };
		CCD4D73A6154963779A4F78B /* PermissionChecker.swift in Sources */ = {isa = PBXBuildFile; fileRef = 099DBEE1720FE8897ADEB885 /* PermissionChecker.swift */; };
		CEC79C1AF63453285B9367B7 /* VectorBackfill.swift in Sources */ = {isa = PBXBuildFile; fileRef = 7D4DE9B116C54E06FB21F402 /* VectorBackfill.swift */; };
		D6BC72B9DD2ED257794797EA /* AppRelauncher.swift in Sources */ = {isa = PBXBuildFile; fileRef = C800A5153909B76F434032FA /* AppRelauncher.swift */; };
		D9118D7CF501187FA174A0E2 /* SlishuAPIDTO.swift in Sources */ = {isa = PBXBuildFile; fileRef = B6563DDAA416490DCEBAE7C8 /* SlishuAPIDTO.swift */; };
		DBB130D0F0B65D33CB559AF2 /* CaptureCoordinator.swift in Sources */ = {isa = PBXBuildFile; fileRef = 98DC592613C97470E7EB3264 /* CaptureCoordinator.swift */; };
		DEB629674358EE3D3B9DE424 /* TranscriptionBackend.swift in Sources */ = {isa = PBXBuildFile; fileRef = E99241ECA49D4E789B7707E1 /* TranscriptionBackend.swift */; };
		E1BC47384702483686428CEB /* CaptureRecord.swift in Sources */ = {isa = PBXBuildFile; fileRef = DDCB6F324712188721D9644A /* CaptureRecord.swift */; };
		E2907B870D79E071C320F59F /* GlassCard.swift in Sources */ = {isa = PBXBuildFile; fileRef = 01F4217E6731763B839925BE /* GlassCard.swift */; };
		E4EC5087D5BFE300979F471A /* StorageRelocation.swift in Sources */ = {isa = PBXBuildFile; fileRef = 946F424336CFEEB72664BED0 /* StorageRelocation.swift */; };
		E57DBD516DBC401E5AF2C682 /* Assets.xcassets in Resources */ = {isa = PBXBuildFile; fileRef = D347116E04C1954AF15C9B7F /* Assets.xcassets */; };
		EBE1F1DA6E674ED7B8706A39 /* TimelineView.swift in Sources */ = {isa = PBXBuildFile; fileRef = D4C0E802E8B672B6102C13E5 /* TimelineView.swift */; };
		F01776F40BCB6A8BC32F69F7 /* ExportService.swift in Sources */ = {isa = PBXBuildFile; fileRef = 9F7BEC56F1C94B49A54EE576 /* ExportService.swift */; };
		FA56E49F9060C15544DA08BB /* StorageLocation.swift in Sources */ = {isa = PBXBuildFile; fileRef = 835C9F627FBA7DC4251E3F69 /* StorageLocation.swift */; };
		FAEEA3D6FBF80D45F23C02C5 /* PermissionsStore.swift in Sources */ = {isa = PBXBuildFile; fileRef = 4CEA9ECD605FA3D6AF646D10 /* PermissionsStore.swift */; };
		FC0D3FAB2B647AA22C10A01F /* AXReader.swift in Sources */ = {isa = PBXBuildFile; fileRef = 66A3490DF3ABB1CAC62B5C15 /* AXReader.swift */; };
		FEC2BE58D8F45591176A8AD5 /* AudioConfig.swift in Sources */ = {isa = PBXBuildFile; fileRef = 9D2FDDE966269BB372F7BE9D /* AudioConfig.swift */; };
/* End PBXBuildFile section */

/* Begin PBXFileReference section */
		01F4217E6731763B839925BE /* GlassCard.swift */ = {isa = PBXFileReference; lastKnownFileType = sourcecode.swift; path = GlassCard.swift; sourceTree = "<group>"; };
		099DBEE1720FE8897ADEB885 /* PermissionChecker.swift */ = {isa = PBXFileReference; lastKnownFileType = sourcecode.swift; path = PermissionChecker.swift; sourceTree = "<group>"; };
		0EA653B6504C3A8AA1A4CB1D /* SearchService.swift */ = {isa = PBXFileReference; lastKnownFileType = sourcecode.swift; path = SearchService.swift; sourceTree = "<group>"; };
		0FC17A8BC84D033F2556A51A /* PipesView.swift */ = {isa = PBXFileReference; lastKnownFileType = sourcecode.swift; path = PipesView.swift; sourceTree = "<group>"; };
		10D5C54644AF523A703B4B5D /* AudioPipeline.swift */ = {isa = PBXFileReference; lastKnownFileType = sourcecode.swift; path = AudioPipeline.swift; sourceTree = "<group>"; };
		15B2838F435D3E0B50A4DDA8 /* SlishuMain.swift */ = {isa = PBXFileReference; lastKnownFileType = sourcecode.swift; path = SlishuMain.swift; sourceTree = "<group>"; };
		1AC71FD810C091D666DF2684 /* AppEnvironment.swift */ = {isa = PBXFileReference; lastKnownFileType = sourcecode.swift; path = AppEnvironment.swift; sourceTree = "<group>"; };
		20298C2146FAFE284CF4BFEE /* AudioModels.swift */ = {isa = PBXFileReference; lastKnownFileType = sourcecode.swift; path = AudioModels.swift; sourceTree = "<group>"; };
		21CF7D2DE9129F6F916AF611 /* FramePipeline.swift */ = {isa = PBXFileReference; lastKnownFileType = sourcecode.swift; path = FramePipeline.swift; sourceTree = "<group>"; };
		355440589631E906AB9CF6EE /* AudioCaptureEngine.swift */ = {isa = PBXFileReference; lastKnownFileType = sourcecode.swift; path = AudioCaptureEngine.swift; sourceTree = "<group>"; };
		361AA50A2CDE07979B1F39A6 /* RecordingStore.swift */ = {isa = PBXFileReference; lastKnownFileType = sourcecode.swift; path = RecordingStore.swift; sourceTree = "<group>"; };
		491BBDBCEFF2F46C0F53E4DC /* SidebarView.swift */ = {isa = PBXFileReference; lastKnownFileType = sourcecode.swift; path = SidebarView.swift; sourceTree = "<group>"; };
		4B1ECCB78CAD3A94D71A006C /* ServerStore.swift */ = {isa = PBXFileReference; lastKnownFileType = sourcecode.swift; path = ServerStore.swift; sourceTree = "<group>"; };
		4CEA9ECD605FA3D6AF646D10 /* PermissionsStore.swift */ = {isa = PBXFileReference; lastKnownFileType = sourcecode.swift; path = PermissionsStore.swift; sourceTree = "<group>"; };
		4D94509504EADBE0621635B5 /* SettingsView.swift */ = {isa = PBXFileReference; lastKnownFileType = sourcecode.swift; path = SettingsView.swift; sourceTree = "<group>"; };
		4DBFADFD0C18D26A17C65504 /* SlishuDatabase.swift */ = {isa = PBXFileReference; lastKnownFileType = sourcecode.swift; path = SlishuDatabase.swift; sourceTree = "<group>"; };
		53D6C6C15BA2D8C9EE30D9F5 /* RootWindow.swift */ = {isa = PBXFileReference; lastKnownFileType = sourcecode.swift; path = RootWindow.swift; sourceTree = "<group>"; };
		66A3490DF3ABB1CAC62B5C15 /* AXReader.swift */ = {isa = PBXFileReference; lastKnownFileType = sourcecode.swift; path = AXReader.swift; sourceTree = "<group>"; };
		6D33EE9499690E50656AF007 /* ConnectionsView.swift */ = {isa = PBXFileReference; lastKnownFileType = sourcecode.swift; path = ConnectionsView.swift; sourceTree = "<group>"; };
		72F86C97ECD51BCB539F0853 /* CaptureConfig.swift */ = {isa = PBXFileReference; lastKnownFileType = sourcecode.swift; path = CaptureConfig.swift; sourceTree = "<group>"; };
		789C0E822AE28BF28BC2F864 /* PrivacyStore.swift */ = {isa = PBXFileReference; lastKnownFileType = sourcecode.swift; path = PrivacyStore.swift; sourceTree = "<group>"; };
		7ADA1B003B840B1C22235445 /* RecordingStatusView.swift */ = {isa = PBXFileReference; lastKnownFileType = sourcecode.swift; path = RecordingStatusView.swift; sourceTree = "<group>"; };
		7D4DE9B116C54E06FB21F402 /* VectorBackfill.swift */ = {isa = PBXFileReference; lastKnownFileType = sourcecode.swift; path = VectorBackfill.swift; sourceTree = "<group>"; };
		7D54BAB96C12BF1576BA1AB0 /* AudioCoordinator.swift */ = {isa = PBXFileReference; lastKnownFileType = sourcecode.swift; path = AudioCoordinator.swift; sourceTree = "<group>"; };
		835C9F627FBA7DC4251E3F69 /* StorageLocation.swift */ = {isa = PBXFileReference; lastKnownFileType = sourcecode.swift; path = StorageLocation.swift; sourceTree = "<group>"; };
		85468D5919089B6811DE98E2 /* MenuBarContent.swift */ = {isa = PBXFileReference; lastKnownFileType = sourcecode.swift; path = MenuBarContent.swift; sourceTree = "<group>"; };
		898B97AAE745E09EABCB0E45 /* IngestService.swift */ = {isa = PBXFileReference; lastKnownFileType = sourcecode.swift; path = IngestService.swift; sourceTree = "<group>"; };
		8A78A09E10F29D6421032032 /* Slishu.app */ = {isa = PBXFileReference; explicitFileType = wrapper.application; includeInIndex = 0; path = Slishu.app; sourceTree = BUILT_PRODUCTS_DIR; };
		8C9C3297DD0415E05A284477 /* TimelineStore.swift */ = {isa = PBXFileReference; lastKnownFileType = sourcecode.swift; path = TimelineStore.swift; sourceTree = "<group>"; };
		8D31CB249968B3224BDE41EB /* SystemAudioCaptureEngine.swift */ = {isa = PBXFileReference; lastKnownFileType = sourcecode.swift; path = SystemAudioCaptureEngine.swift; sourceTree = "<group>"; };
		914CF765A99B0AE33C22A9F8 /* KeychainStore.swift */ = {isa = PBXFileReference; lastKnownFileType = sourcecode.swift; path = KeychainStore.swift; sourceTree = "<group>"; };
		946F424336CFEEB72664BED0 /* StorageRelocation.swift */ = {isa = PBXFileReference; lastKnownFileType = sourcecode.swift; path = StorageRelocation.swift; sourceTree = "<group>"; };
		98DC592613C97470E7EB3264 /* CaptureCoordinator.swift */ = {isa = PBXFileReference; lastKnownFileType = sourcecode.swift; path = CaptureCoordinator.swift; sourceTree = "<group>"; };
		999FEB81FC35928A68723922 /* SlishuHTTPServer.swift */ = {isa = PBXFileReference; lastKnownFileType = sourcecode.swift; path = SlishuHTTPServer.swift; sourceTree = "<group>"; };
		9BC5E5856D59C9D9DC01CB30 /* SlishuVec */ = {isa = PBXFileReference; lastKnownFileType = folder; name = SlishuVec; path = Packages/SlishuVec; sourceTree = SOURCE_ROOT; };
		9D2FDDE966269BB372F7BE9D /* AudioConfig.swift */ = {isa = PBXFileReference; lastKnownFileType = sourcecode.swift; path = AudioConfig.swift; sourceTree = "<group>"; };
		9F7BEC56F1C94B49A54EE576 /* ExportService.swift */ = {isa = PBXFileReference; lastKnownFileType = sourcecode.swift; path = ExportService.swift; sourceTree = "<group>"; };
		A07DF0655117063C77235410 /* LocalLLMClient.swift */ = {isa = PBXFileReference; lastKnownFileType = sourcecode.swift; path = LocalLLMClient.swift; sourceTree = "<group>"; };
		A25665FC199B1D2E4C40BF83 /* OnboardingView.swift */ = {isa = PBXFileReference; lastKnownFileType = sourcecode.swift; path = OnboardingView.swift; sourceTree = "<group>"; };
		A46995C3A2B09A486D5C35A6 /* VADSegmenter.swift */ = {isa = PBXFileReference; lastKnownFileType = sourcecode.swift; path = VADSegmenter.swift; sourceTree = "<group>"; };
		B2D75B8E0EED04D2D1A114C0 /* Slishu.entitlements */ = {isa = PBXFileReference; lastKnownFileType = text.plist.entitlements; path = Slishu.entitlements; sourceTree = "<group>"; };
		B44E0AA3D57F212799AF3F18 /* AudioPlayerStore.swift */ = {isa = PBXFileReference; lastKnownFileType = sourcecode.swift; path = AudioPlayerStore.swift; sourceTree = "<group>"; };
		B6203EDB62C3216E9E4D48DA /* TimelineService.swift */ = {isa = PBXFileReference; lastKnownFileType = sourcecode.swift; path = TimelineService.swift; sourceTree = "<group>"; };
		B6563DDAA416490DCEBAE7C8 /* SlishuAPIDTO.swift */ = {isa = PBXFileReference; lastKnownFileType = sourcecode.swift; path = SlishuAPIDTO.swift; sourceTree = "<group>"; };
		B7255136F4F8775DD12289CA /* ConnectionStore.swift */ = {isa = PBXFileReference; lastKnownFileType = sourcecode.swift; path = ConnectionStore.swift; sourceTree = "<group>"; };
		BEA78C821D0BA428FA1EC02B /* Log.swift */ = {isa = PBXFileReference; lastKnownFileType = sourcecode.swift; path = Log.swift; sourceTree = "<group>"; };
		C800A5153909B76F434032FA /* AppRelauncher.swift */ = {isa = PBXFileReference; lastKnownFileType = sourcecode.swift; path = AppRelauncher.swift; sourceTree = "<group>"; };
		CBCD1FDA3F59FA372C8CDDBF /* PipeModels.swift */ = {isa = PBXFileReference; lastKnownFileType = sourcecode.swift; path = PipeModels.swift; sourceTree = "<group>"; };
		CBF0D0FC371E67968F4A7FDE /* SlishuMCPServer.swift */ = {isa = PBXFileReference; lastKnownFileType = sourcecode.swift; path = SlishuMCPServer.swift; sourceTree = "<group>"; };
		CDBF144F453F4EF285D17CBB /* BackupSettingsStore.swift */ = {isa = PBXFileReference; lastKnownFileType = sourcecode.swift; path = BackupSettingsStore.swift; sourceTree = "<group>"; };
		D347116E04C1954AF15C9B7F /* Assets.xcassets */ = {isa = PBXFileReference; lastKnownFileType = folder.assetcatalog; path = Assets.xcassets; sourceTree = "<group>"; };
		D355D0FFC3622738AF6798FA /* AudioSettingsStore.swift */ = {isa = PBXFileReference; lastKnownFileType = sourcecode.swift; path = AudioSettingsStore.swift; sourceTree = "<group>"; };
		D3AB7488211688BEB6AE5B57 /* SlishuApp.swift */ = {isa = PBXFileReference; lastKnownFileType = sourcecode.swift; path = SlishuApp.swift; sourceTree = "<group>"; };
		D4AE28603E46FDE5C5F797CB /* StatusPill.swift */ = {isa = PBXFileReference; lastKnownFileType = sourcecode.swift; path = StatusPill.swift; sourceTree = "<group>"; };
		D4C0E802E8B672B6102C13E5 /* TimelineView.swift */ = {isa = PBXFileReference; lastKnownFileType = sourcecode.swift; path = TimelineView.swift; sourceTree = "<group>"; };
		D6086C742FF829DE6A58C0F3 /* TranscriptionService.swift */ = {isa = PBXFileReference; lastKnownFileType = sourcecode.swift; path = TranscriptionService.swift; sourceTree = "<group>"; };
		DC44870584F3FA4CA135C146 /* EmbeddingService.swift */ = {isa = PBXFileReference; lastKnownFileType = sourcecode.swift; path = EmbeddingService.swift; sourceTree = "<group>"; };
		DDCB6F324712188721D9644A /* CaptureRecord.swift */ = {isa = PBXFileReference; lastKnownFileType = sourcecode.swift; path = CaptureRecord.swift; sourceTree = "<group>"; };
		DE1404EC96AE44E057EABD79 /* SearchModels.swift */ = {isa = PBXFileReference; lastKnownFileType = sourcecode.swift; path = SearchModels.swift; sourceTree = "<group>"; };
		DF62A463F390B3BFE38A088F /* StorageManager.swift */ = {isa = PBXFileReference; lastKnownFileType = sourcecode.swift; path = StorageManager.swift; sourceTree = "<group>"; };
		E99241ECA49D4E789B7707E1 /* TranscriptionBackend.swift */ = {isa = PBXFileReference; lastKnownFileType = sourcecode.swift; path = TranscriptionBackend.swift; sourceTree = "<group>"; };
		EF892166281FD4E149FC1159 /* ScreenpipeImporter.swift */ = {isa = PBXFileReference; lastKnownFileType = sourcecode.swift; path = ScreenpipeImporter.swift; sourceTree = "<group>"; };
		F3C69FADAA7CECA930DEEF79 /* StorageSettingsStore.swift */ = {isa = PBXFileReference; lastKnownFileType = sourcecode.swift; path = StorageSettingsStore.swift; sourceTree = "<group>"; };
		F77EB7593B9E0A897C775E58 /* DailySummaryService.swift */ = {isa = PBXFileReference; lastKnownFileType = sourcecode.swift; path = DailySummaryService.swift; sourceTree = "<group>"; };
		F7902CB9E4BB8DD3843B259A /* RetentionManager.swift */ = {isa = PBXFileReference; lastKnownFileType = sourcecode.swift; path = RetentionManager.swift; sourceTree = "<group>"; };
		F9DD48BC8440AB8A1DC921D5 /* Models.swift */ = {isa = PBXFileReference; lastKnownFileType = sourcecode.swift; path = Models.swift; sourceTree = "<group>"; };
		FD306412403DC76082E6AC13 /* DaySummaryStore.swift */ = {isa = PBXFileReference; lastKnownFileType = sourcecode.swift; path = DaySummaryStore.swift; sourceTree = "<group>"; };
		FF9C130B954580EE59C80566 /* BackupManager.swift */ = {isa = PBXFileReference; lastKnownFileType = sourcecode.swift; path = BackupManager.swift; sourceTree = "<group>"; };
/* End PBXFileReference section */

/* Begin PBXFrameworksBuildPhase section */
		64D0D9246B14546EAD83297B /* Frameworks */ = {
			isa = PBXFrameworksBuildPhase;
			buildActionMask = 2147483647;
			files = (
				2F664B600F99A8C0C0800ABB /* GRDB in Frameworks */,
				6D9D665F2104997BEB6D4FE6 /* FlyingFox in Frameworks */,
				94E04751D403B6BB79FAA891 /* MCP in Frameworks */,
				481F4E0DA4FD8C81861CC3CB /* CSqliteVec in Frameworks */,
				530309BAA473C0660547F0C6 /* Embeddings in Frameworks */,
			);
			runOnlyForDeploymentPostprocessing = 0;
		};
/* End PBXFrameworksBuildPhase section */

/* Begin PBXGroup section */
		01201388A27474D7BF2627E9 /* Resources */ = {
			isa = PBXGroup;
			children = (
				D347116E04C1954AF15C9B7F /* Assets.xcassets */,
			);
			path = Resources;
			sourceTree = "<group>";
		};
		078EAA4E0EE1BB30B9AE3732 /* State */ = {
			isa = PBXGroup;
			children = (
				B44E0AA3D57F212799AF3F18 /* AudioPlayerStore.swift */,
				D355D0FFC3622738AF6798FA /* AudioSettingsStore.swift */,
				CDBF144F453F4EF285D17CBB /* BackupSettingsStore.swift */,
				FD306412403DC76082E6AC13 /* DaySummaryStore.swift */,
				4CEA9ECD605FA3D6AF646D10 /* PermissionsStore.swift */,
				789C0E822AE28BF28BC2F864 /* PrivacyStore.swift */,
				361AA50A2CDE07979B1F39A6 /* RecordingStore.swift */,
				4B1ECCB78CAD3A94D71A006C /* ServerStore.swift */,
				F3C69FADAA7CECA930DEEF79 /* StorageSettingsStore.swift */,
				8C9C3297DD0415E05A284477 /* TimelineStore.swift */,
			);
			path = State;
			sourceTree = "<group>";
		};
		0810F1B2B8EC2A2F3A2ED754 /* MenuBar */ = {
			isa = PBXGroup;
			children = (
				85468D5919089B6811DE98E2 /* MenuBarContent.swift */,
			);
			path = MenuBar;
			sourceTree = "<group>";
		};
		0BFBD4392A59E15387597EEE /* Timeline */ = {
			isa = PBXGroup;
			children = (
				D4C0E802E8B672B6102C13E5 /* TimelineView.swift */,
			);
			path = Timeline;
			sourceTree = "<group>";
		};
		0C0D3BC4B6AF27BE92BEB543 /* MCP */ = {
			isa = PBXGroup;
			children = (
				CBF0D0FC371E67968F4A7FDE /* SlishuMCPServer.swift */,
			);
			path = MCP;
			sourceTree = "<group>";
		};
		2B8EA49861A9C255BB91C2C5 /* Capture */ = {
			isa = PBXGroup;
			children = (
				66A3490DF3ABB1CAC62B5C15 /* AXReader.swift */,
				72F86C97ECD51BCB539F0853 /* CaptureConfig.swift */,
				98DC592613C97470E7EB3264 /* CaptureCoordinator.swift */,
				21CF7D2DE9129F6F916AF611 /* FramePipeline.swift */,
			);
			path = Capture;
			sourceTree = "<group>";
		};
		2BE45302ECE2BA87D9946E8E /* Support */ = {
			isa = PBXGroup;
			children = (
				C800A5153909B76F434032FA /* AppRelauncher.swift */,
				BEA78C821D0BA428FA1EC02B /* Log.swift */,
			);
			path = Support;
			sourceTree = "<group>";
		};
		2CB1083771F101DCFE0EA22C /* Audio */ = {
			isa = PBXGroup;
			children = (
				355440589631E906AB9CF6EE /* AudioCaptureEngine.swift */,
				9D2FDDE966269BB372F7BE9D /* AudioConfig.swift */,
				7D54BAB96C12BF1576BA1AB0 /* AudioCoordinator.swift */,
				20298C2146FAFE284CF4BFEE /* AudioModels.swift */,
				10D5C54644AF523A703B4B5D /* AudioPipeline.swift */,
				8D31CB249968B3224BDE41EB /* SystemAudioCaptureEngine.swift */,
				E99241ECA49D4E789B7707E1 /* TranscriptionBackend.swift */,
				D6086C742FF829DE6A58C0F3 /* TranscriptionService.swift */,
				A46995C3A2B09A486D5C35A6 /* VADSegmenter.swift */,
			);
			path = Audio;
			sourceTree = "<group>";
		};
		38B61C7F3E31F34797E46253 /* Packages */ = {
			isa = PBXGroup;
			children = (
				9BC5E5856D59C9D9DC01CB30 /* SlishuVec */,
			);
			path = Packages;
			sourceTree = "<group>";
		};
		3F593649AAEF9B24DE4ADE54 /* Settings */ = {
			isa = PBXGroup;
			children = (
				4D94509504EADBE0621635B5 /* SettingsView.swift */,
			);
			path = Settings;
			sourceTree = "<group>";
		};
		44311757F1BB7228A20E35EB /* Pipes */ = {
			isa = PBXGroup;
			children = (
				F77EB7593B9E0A897C775E58 /* DailySummaryService.swift */,
				9F7BEC56F1C94B49A54EE576 /* ExportService.swift */,
				CBCD1FDA3F59FA372C8CDDBF /* PipeModels.swift */,
				EF892166281FD4E149FC1159 /* ScreenpipeImporter.swift */,
			);
			path = Pipes;
			sourceTree = "<group>";
		};
		5EB2F63B981250FE752F0200 /* Server */ = {
			isa = PBXGroup;
			children = (
				914CF765A99B0AE33C22A9F8 /* KeychainStore.swift */,
				B6563DDAA416490DCEBAE7C8 /* SlishuAPIDTO.swift */,
				999FEB81FC35928A68723922 /* SlishuHTTPServer.swift */,
			);
			path = Server;
			sourceTree = "<group>";
		};
		62BB6066E4BA86FA2A59191D = {
			isa = PBXGroup;
			children = (
				38B61C7F3E31F34797E46253 /* Packages */,
				768128F56D3F0BA85D5D60D7 /* SlishuApp */,
				B1B58DF7C7C33D4EE86A0BD0 /* Products */,
			);
			sourceTree = "<group>";
		};
		6556300DE278A6ACE1E6C03D /* Sidebar */ = {
			isa = PBXGroup;
			children = (
				491BBDBCEFF2F46C0F53E4DC /* SidebarView.swift */,
			);
			path = Sidebar;
			sourceTree = "<group>";
		};
		768128F56D3F0BA85D5D60D7 /* SlishuApp */ = {
			isa = PBXGroup;
			children = (
				B2D75B8E0EED04D2D1A114C0 /* Slishu.entitlements */,
				D586BD666974AA35AC8B8777 /* App */,
				2CB1083771F101DCFE0EA22C /* Audio */,
				2B8EA49861A9C255BB91C2C5 /* Capture */,
				D30393CB2E1B397304E5F95E /* Connections */,
				A4586A23C81FA14CD2C0D004 /* Data */,
				0C0D3BC4B6AF27BE92BEB543 /* MCP */,
				44311757F1BB7228A20E35EB /* Pipes */,
				01201388A27474D7BF2627E9 /* Resources */,
				9244CAE0F20DD1A1AD38F7C6 /* Search */,
				5EB2F63B981250FE752F0200 /* Server */,
				D18665A940CEC0ECB1813B52 /* Services */,
				078EAA4E0EE1BB30B9AE3732 /* State */,
				2BE45302ECE2BA87D9946E8E /* Support */,
				D1C1D8969D53F1B3F46D6352 /* Views */,
			);
			path = SlishuApp;
			sourceTree = "<group>";
		};
		77FB779D4DCA3E6A1250BABE /* Pipes */ = {
			isa = PBXGroup;
			children = (
				0FC17A8BC84D033F2556A51A /* PipesView.swift */,
			);
			path = Pipes;
			sourceTree = "<group>";
		};
		8F0D388C7082A7BC02BEFA27 /* Onboarding */ = {
			isa = PBXGroup;
			children = (
				A25665FC199B1D2E4C40BF83 /* OnboardingView.swift */,
			);
			path = Onboarding;
			sourceTree = "<group>";
		};
		90098591A652CD555D5991F4 /* Connections */ = {
			isa = PBXGroup;
			children = (
				6D33EE9499690E50656AF007 /* ConnectionsView.swift */,
			);
			path = Connections;
			sourceTree = "<group>";
		};
		9244CAE0F20DD1A1AD38F7C6 /* Search */ = {
			isa = PBXGroup;
			children = (
				DC44870584F3FA4CA135C146 /* EmbeddingService.swift */,
				DE1404EC96AE44E057EABD79 /* SearchModels.swift */,
				0EA653B6504C3A8AA1A4CB1D /* SearchService.swift */,
				B6203EDB62C3216E9E4D48DA /* TimelineService.swift */,
				7D4DE9B116C54E06FB21F402 /* VectorBackfill.swift */,
			);
			path = Search;
			sourceTree = "<group>";
		};
		9B6F2C156991E6198280654B /* Permissions */ = {
			isa = PBXGroup;
			children = (
				099DBEE1720FE8897ADEB885 /* PermissionChecker.swift */,
			);
			path = Permissions;
			sourceTree = "<group>";
		};
		A4586A23C81FA14CD2C0D004 /* Data */ = {
			isa = PBXGroup;
			children = (
				FF9C130B954580EE59C80566 /* BackupManager.swift */,
				DDCB6F324712188721D9644A /* CaptureRecord.swift */,
				898B97AAE745E09EABCB0E45 /* IngestService.swift */,
				F9DD48BC8440AB8A1DC921D5 /* Models.swift */,
				F7902CB9E4BB8DD3843B259A /* RetentionManager.swift */,
				4DBFADFD0C18D26A17C65504 /* SlishuDatabase.swift */,
				835C9F627FBA7DC4251E3F69 /* StorageLocation.swift */,
				DF62A463F390B3BFE38A088F /* StorageManager.swift */,
				946F424336CFEEB72664BED0 /* StorageRelocation.swift */,
			);
			path = Data;
			sourceTree = "<group>";
		};
		B1B58DF7C7C33D4EE86A0BD0 /* Products */ = {
			isa = PBXGroup;
			children = (
				8A78A09E10F29D6421032032 /* Slishu.app */,
			);
			name = Products;
			sourceTree = "<group>";
		};
		CCC38AF12BF331005B3EBDCA /* Components */ = {
			isa = PBXGroup;
			children = (
				01F4217E6731763B839925BE /* GlassCard.swift */,
				7ADA1B003B840B1C22235445 /* RecordingStatusView.swift */,
				D4AE28603E46FDE5C5F797CB /* StatusPill.swift */,
			);
			path = Components;
			sourceTree = "<group>";
		};
		D18665A940CEC0ECB1813B52 /* Services */ = {
			isa = PBXGroup;
			children = (
				9B6F2C156991E6198280654B /* Permissions */,
			);
			path = Services;
			sourceTree = "<group>";
		};
		D1C1D8969D53F1B3F46D6352 /* Views */ = {
			isa = PBXGroup;
			children = (
				53D6C6C15BA2D8C9EE30D9F5 /* RootWindow.swift */,
				CCC38AF12BF331005B3EBDCA /* Components */,
				90098591A652CD555D5991F4 /* Connections */,
				0810F1B2B8EC2A2F3A2ED754 /* MenuBar */,
				8F0D388C7082A7BC02BEFA27 /* Onboarding */,
				77FB779D4DCA3E6A1250BABE /* Pipes */,
				3F593649AAEF9B24DE4ADE54 /* Settings */,
				6556300DE278A6ACE1E6C03D /* Sidebar */,
				0BFBD4392A59E15387597EEE /* Timeline */,
			);
			path = Views;
			sourceTree = "<group>";
		};
		D30393CB2E1B397304E5F95E /* Connections */ = {
			isa = PBXGroup;
			children = (
				B7255136F4F8775DD12289CA /* ConnectionStore.swift */,
				A07DF0655117063C77235410 /* LocalLLMClient.swift */,
			);
			path = Connections;
			sourceTree = "<group>";
		};
		D586BD666974AA35AC8B8777 /* App */ = {
			isa = PBXGroup;
			children = (
				1AC71FD810C091D666DF2684 /* AppEnvironment.swift */,
				D3AB7488211688BEB6AE5B57 /* SlishuApp.swift */,
				15B2838F435D3E0B50A4DDA8 /* SlishuMain.swift */,
			);
			path = App;
			sourceTree = "<group>";
		};
/* End PBXGroup section */

/* Begin PBXNativeTarget section */
		758F8283D7FA061AB6A42839 /* Slishu */ = {
			isa = PBXNativeTarget;
			buildConfigurationList = 2EA9BC6A0C9527FF9C787371 /* Build configuration list for PBXNativeTarget "Slishu" */;
			buildPhases = (
				65EFCC653E3A10FB57E37ADB /* Sources */,
				C69E7848F0AB6F7053EB3DC4 /* Resources */,
				64D0D9246B14546EAD83297B /* Frameworks */,
			);
			buildRules = (
			);
			dependencies = (
			);
			name = Slishu;
			packageProductDependencies = (
				E50BDB1867BCF8DAE6CCA7B7 /* GRDB */,
				0400A9FFCFFEDA58732DAD1C /* FlyingFox */,
				740207293E7322CB790FE9E8 /* MCP */,
				775C67561E5D8CFDF789B90E /* CSqliteVec */,
				24742AAA299A4DCD60BFB663 /* Embeddings */,
			);
			productName = Slishu;
			productReference = 8A78A09E10F29D6421032032 /* Slishu.app */;
			productType = "com.apple.product-type.application";
		};
/* End PBXNativeTarget section */

/* Begin PBXProject section */
		0984AD069E54A0BE18DF48F0 /* Project object */ = {
			isa = PBXProject;
			attributes = {
				BuildIndependentTargetsInParallel = YES;
				LastUpgradeCheck = 1430;
			};
			buildConfigurationList = A69C558B52122CE55ACA4716 /* Build configuration list for PBXProject "Slishu" */;
			compatibilityVersion = "Xcode 14.0";
			developmentRegion = ru;
			hasScannedForEncodings = 0;
			knownRegions = (
				Base,
				ru,
			);
			mainGroup = 62BB6066E4BA86FA2A59191D;
			minimizedProjectReferenceProxies = 1;
			packageReferences = (
				45E36CE729E209E46C47C65A /* XCRemoteSwiftPackageReference "swift-embeddings" */,
				106C06B0B6452BACFC7F1DAE /* XCRemoteSwiftPackageReference "FlyingFox" */,
				C24390838D629F3E87D039AE /* XCRemoteSwiftPackageReference "GRDB.swift" */,
				1CBB92F0CB01483EAEB1500F /* XCRemoteSwiftPackageReference "swift-sdk" */,
				CF364F2A4EAA7B8B90695D00 /* XCLocalSwiftPackageReference "Packages/SlishuVec" */,
			);
			preferredProjectObjectVersion = 77;
			projectDirPath = "";
			projectRoot = "";
			targets = (
				758F8283D7FA061AB6A42839 /* Slishu */,
			);
		};
/* End PBXProject section */

/* Begin PBXResourcesBuildPhase section */
		C69E7848F0AB6F7053EB3DC4 /* Resources */ = {
			isa = PBXResourcesBuildPhase;
			buildActionMask = 2147483647;
			files = (
				E57DBD516DBC401E5AF2C682 /* Assets.xcassets in Resources */,
			);
			runOnlyForDeploymentPostprocessing = 0;
		};
/* End PBXResourcesBuildPhase section */

/* Begin PBXSourcesBuildPhase section */
		65EFCC653E3A10FB57E37ADB /* Sources */ = {
			isa = PBXSourcesBuildPhase;
			buildActionMask = 2147483647;
			files = (
				FC0D3FAB2B647AA22C10A01F /* AXReader.swift in Sources */,
				5E6B47C246B6FD88AB9C22AD /* AppEnvironment.swift in Sources */,
				D6BC72B9DD2ED257794797EA /* AppRelauncher.swift in Sources */,
				922281782C17956EEEC524C9 /* AudioCaptureEngine.swift in Sources */,
				FEC2BE58D8F45591176A8AD5 /* AudioConfig.swift in Sources */,
				47F6C632DA2567C54173C75B /* AudioCoordinator.swift in Sources */,
				8A8C0AC3FDFC94F1DC9E4F5B /* AudioModels.swift in Sources */,
				C86D830AADAD17EEE3F925C6 /* AudioPipeline.swift in Sources */,
				2163973E969C7EC43928443C /* AudioPlayerStore.swift in Sources */,
				6461E4D8F7E463AD360D178A /* AudioSettingsStore.swift in Sources */,
				C136E7997FB8F34FCE46F6FA /* BackupManager.swift in Sources */,
				3352E2CB22EFEB25D5CD1C13 /* BackupSettingsStore.swift in Sources */,
				3193F9EDB308DDAF3C5BCB91 /* CaptureConfig.swift in Sources */,
				DBB130D0F0B65D33CB559AF2 /* CaptureCoordinator.swift in Sources */,
				E1BC47384702483686428CEB /* CaptureRecord.swift in Sources */,
				3D69CB9BF3B345734584D645 /* ConnectionStore.swift in Sources */,
				0AE7E348E5A851C8982867C5 /* ConnectionsView.swift in Sources */,
				0C4050754AC3B4D56474845B /* DailySummaryService.swift in Sources */,
				8972B75621B13D869387DA2A /* DaySummaryStore.swift in Sources */,
				C5D8341DE5F2F73866C11E61 /* EmbeddingService.swift in Sources */,
				F01776F40BCB6A8BC32F69F7 /* ExportService.swift in Sources */,
				B5E4E2BC12CA3CA3139ABA56 /* FramePipeline.swift in Sources */,
				E2907B870D79E071C320F59F /* GlassCard.swift in Sources */,
				67A28D60FABEDAD65265685E /* IngestService.swift in Sources */,
				656F85CE426EE4B080FB97A2 /* KeychainStore.swift in Sources */,
				431858EE56BA1B25510EF8E4 /* LocalLLMClient.swift in Sources */,
				2FAFC829CD6D47A596A3FCA1 /* Log.swift in Sources */,
				030D75DFF29A0291490152AE /* MenuBarContent.swift in Sources */,
				36B08DB5B1DD919F703E99EA /* Models.swift in Sources */,
				28BB030D738F0A6F6FEBBA86 /* OnboardingView.swift in Sources */,
				CCD4D73A6154963779A4F78B /* PermissionChecker.swift in Sources */,
				FAEEA3D6FBF80D45F23C02C5 /* PermissionsStore.swift in Sources */,
				431AAF914A523CF4D897C890 /* PipeModels.swift in Sources */,
				05FA1383FBF2647E2DB737D5 /* PipesView.swift in Sources */,
				0FF6D209C37D3A4767327DB8 /* PrivacyStore.swift in Sources */,
				4BC5B5D37DEA1358791ABBE6 /* RecordingStatusView.swift in Sources */,
				C3E3BCB1FCBF471190075C52 /* RecordingStore.swift in Sources */,
				072860C973E4DBA516775F3C /* RetentionManager.swift in Sources */,
				A7B3A1CB41149AF52EFB487A /* RootWindow.swift in Sources */,
				86B42D37070BB86E28E61FBE /* ScreenpipeImporter.swift in Sources */,
				091D3826B3E1BF7564B35B11 /* SearchModels.swift in Sources */,
				C317CE24AB6A2A691B7170E4 /* SearchService.swift in Sources */,
				4FBB041DE7B66BD5F006E1EE /* ServerStore.swift in Sources */,
				052342892F3C598D821D8A24 /* SettingsView.swift in Sources */,
				C9B054F7B9AD2EBD723D8B4E /* SidebarView.swift in Sources */,
				D9118D7CF501187FA174A0E2 /* SlishuAPIDTO.swift in Sources */,
				41E9AAF16D201498AAB506E6 /* SlishuApp.swift in Sources */,
				86580792FD5275CFCAEB0041 /* SlishuDatabase.swift in Sources */,
				A8677755A9A6E5E8E11D586A /* SlishuHTTPServer.swift in Sources */,
				0E5E02E2B432E9845F4F619B /* SlishuMCPServer.swift in Sources */,
				8B696A9987F86E13170CBD61 /* SlishuMain.swift in Sources */,
				4CC0277036811864917F31B2 /* StatusPill.swift in Sources */,
				FA56E49F9060C15544DA08BB /* StorageLocation.swift in Sources */,
				9880F1124F8A3265EC2D966F /* StorageManager.swift in Sources */,
				E4EC5087D5BFE300979F471A /* StorageRelocation.swift in Sources */,
				6CCDBFB6032D621781F78502 /* StorageSettingsStore.swift in Sources */,
				C7A5504650A4D9DF2045C929 /* SystemAudioCaptureEngine.swift in Sources */,
				8A767B8BFE539483AD58B1CA /* TimelineService.swift in Sources */,
				47C1A2A2F24D7AD735A6F06B /* TimelineStore.swift in Sources */,
				EBE1F1DA6E674ED7B8706A39 /* TimelineView.swift in Sources */,
				DEB629674358EE3D3B9DE424 /* TranscriptionBackend.swift in Sources */,
				C03360FBB21B6EBA39B9490E /* TranscriptionService.swift in Sources */,
				6151B9F411382C81F5E7DF6D /* VADSegmenter.swift in Sources */,
				CEC79C1AF63453285B9367B7 /* VectorBackfill.swift in Sources */,
			);
			runOnlyForDeploymentPostprocessing = 0;
		};
/* End PBXSourcesBuildPhase section */

/* Begin XCBuildConfiguration section */
		05CD5FA9B38FA04A98ED2D70 /* Debug */ = {
			isa = XCBuildConfiguration;
			buildSettings = {
				ASSETCATALOG_COMPILER_APPICON_NAME = AppIcon;
				CODE_SIGN_ENTITLEMENTS = SlishuApp/Slishu.entitlements;
				CODE_SIGN_IDENTITY = "-";
				COMBINE_HIDPI_IMAGES = YES;
				GENERATE_INFOPLIST_FILE = YES;
				INFOPLIST_KEY_CFBundleDisplayName = "ZBS Eye";
				INFOPLIST_KEY_CFBundleName = "ZBS Eye";
				INFOPLIST_KEY_LSMinimumSystemVersion = 15.0;
				INFOPLIST_KEY_LSUIElement = NO;
				INFOPLIST_KEY_NSMicrophoneUsageDescription = "ZBS Eye записывает и транскрибирует аудио локально, для поиска по разговорам.";
				INFOPLIST_KEY_NSScreenCaptureUsageDescription = "ZBS Eye читает экран для истории активности и таймлайна, а также (если включено в настройках) записывает системный звук — звонки, встречи, видео — для поиска по разговорам. Всё остаётся на устройстве.";
				INFOPLIST_KEY_NSSpeechRecognitionUsageDescription = "ZBS Eye распознаёт речь на устройстве для поиска по аудио.";
				LD_RUNPATH_SEARCH_PATHS = (
					"$(inherited)",
					"@executable_path/../Frameworks",
				);
				PRODUCT_BUNDLE_IDENTIFIER = gg.zbs.eye;
				SDKROOT = macosx;
			};
			name = Debug;
		};
		298E4CA75C88CA98C5CAE162 /* Debug */ = {
			isa = XCBuildConfiguration;
			buildSettings = {
				ALWAYS_SEARCH_USER_PATHS = NO;
				CLANG_ANALYZER_NONNULL = YES;
				CLANG_ANALYZER_NUMBER_OBJECT_CONVERSION = YES_AGGRESSIVE;
				CLANG_CXX_LANGUAGE_STANDARD = "gnu++14";
				CLANG_CXX_LIBRARY = "libc++";
				CLANG_ENABLE_MODULES = YES;
				CLANG_ENABLE_OBJC_ARC = YES;
				CLANG_ENABLE_OBJC_WEAK = YES;
				CLANG_WARN_BLOCK_CAPTURE_AUTORELEASING = YES;
				CLANG_WARN_BOOL_CONVERSION = YES;
				CLANG_WARN_COMMA = YES;
				CLANG_WARN_CONSTANT_CONVERSION = YES;
				CLANG_WARN_DEPRECATED_OBJC_IMPLEMENTATIONS = YES;
				CLANG_WARN_DIRECT_OBJC_ISA_USAGE = YES_ERROR;
				CLANG_WARN_DOCUMENTATION_COMMENTS = YES;
				CLANG_WARN_EMPTY_BODY = YES;
				CLANG_WARN_ENUM_CONVERSION = YES;
				CLANG_WARN_INFINITE_RECURSION = YES;
				CLANG_WARN_INT_CONVERSION = YES;
				CLANG_WARN_NON_LITERAL_NULL_CONVERSION = YES;
				CLANG_WARN_OBJC_IMPLICIT_RETAIN_SELF = YES;
				CLANG_WARN_OBJC_LITERAL_CONVERSION = YES;
				CLANG_WARN_OBJC_ROOT_CLASS = YES_ERROR;
				CLANG_WARN_QUOTED_INCLUDE_IN_FRAMEWORK_HEADER = YES;
				CLANG_WARN_RANGE_LOOP_ANALYSIS = YES;
				CLANG_WARN_STRICT_PROTOTYPES = YES;
				CLANG_WARN_SUSPICIOUS_MOVE = YES;
				CLANG_WARN_UNGUARDED_AVAILABILITY = YES_AGGRESSIVE;
				CLANG_WARN_UNREACHABLE_CODE = YES;
				CLANG_WARN__DUPLICATE_METHOD_MATCH = YES;
				COPY_PHASE_STRIP = NO;
				DEBUG_INFORMATION_FORMAT = dwarf;
				ENABLE_STRICT_OBJC_MSGSEND = YES;
				ENABLE_TESTABILITY = YES;
				GCC_C_LANGUAGE_STANDARD = gnu11;
				GCC_DYNAMIC_NO_PIC = NO;
				GCC_NO_COMMON_BLOCKS = YES;
				GCC_OPTIMIZATION_LEVEL = 0;
				GCC_PREPROCESSOR_DEFINITIONS = (
					"$(inherited)",
					"DEBUG=1",
				);
				GCC_WARN_64_TO_32_BIT_CONVERSION = YES;
				GCC_WARN_ABOUT_RETURN_TYPE = YES_ERROR;
				GCC_WARN_UNDECLARED_SELECTOR = YES;
				GCC_WARN_UNINITIALIZED_AUTOS = YES_AGGRESSIVE;
				GCC_WARN_UNUSED_FUNCTION = YES;
				GCC_WARN_UNUSED_VARIABLE = YES;
				MACOSX_DEPLOYMENT_TARGET = 15.0;
				MTL_ENABLE_DEBUG_INFO = INCLUDE_SOURCE;
				MTL_FAST_MATH = YES;
				ONLY_ACTIVE_ARCH = YES;
				PRODUCT_NAME = "$(TARGET_NAME)";
				SDKROOT = macosx;
				SWIFT_ACTIVE_COMPILATION_CONDITIONS = DEBUG;
				SWIFT_OPTIMIZATION_LEVEL = "-Onone";
				SWIFT_STRICT_CONCURRENCY = complete;
				SWIFT_VERSION = 6.0;
			};
			name = Debug;
		};
		63D21121862DA26546E394A3 /* Release */ = {
			isa = XCBuildConfiguration;
			buildSettings = {
				ALWAYS_SEARCH_USER_PATHS = NO;
				CLANG_ANALYZER_NONNULL = YES;
				CLANG_ANALYZER_NUMBER_OBJECT_CONVERSION = YES_AGGRESSIVE;
				CLANG_CXX_LANGUAGE_STANDARD = "gnu++14";
				CLANG_CXX_LIBRARY = "libc++";
				CLANG_ENABLE_MODULES = YES;
				CLANG_ENABLE_OBJC_ARC = YES;
				CLANG_ENABLE_OBJC_WEAK = YES;
				CLANG_WARN_BLOCK_CAPTURE_AUTORELEASING = YES;
				CLANG_WARN_BOOL_CONVERSION = YES;
				CLANG_WARN_COMMA = YES;
				CLANG_WARN_CONSTANT_CONVERSION = YES;
				CLANG_WARN_DEPRECATED_OBJC_IMPLEMENTATIONS = YES;
				CLANG_WARN_DIRECT_OBJC_ISA_USAGE = YES_ERROR;
				CLANG_WARN_DOCUMENTATION_COMMENTS = YES;
				CLANG_WARN_EMPTY_BODY = YES;
				CLANG_WARN_ENUM_CONVERSION = YES;
				CLANG_WARN_INFINITE_RECURSION = YES;
				CLANG_WARN_INT_CONVERSION = YES;
				CLANG_WARN_NON_LITERAL_NULL_CONVERSION = YES;
				CLANG_WARN_OBJC_IMPLICIT_RETAIN_SELF = YES;
				CLANG_WARN_OBJC_LITERAL_CONVERSION = YES;
				CLANG_WARN_OBJC_ROOT_CLASS = YES_ERROR;
				CLANG_WARN_QUOTED_INCLUDE_IN_FRAMEWORK_HEADER = YES;
				CLANG_WARN_RANGE_LOOP_ANALYSIS = YES;
				CLANG_WARN_STRICT_PROTOTYPES = YES;
				CLANG_WARN_SUSPICIOUS_MOVE = YES;
				CLANG_WARN_UNGUARDED_AVAILABILITY = YES_AGGRESSIVE;
				CLANG_WARN_UNREACHABLE_CODE = YES;
				CLANG_WARN__DUPLICATE_METHOD_MATCH = YES;
				COPY_PHASE_STRIP = NO;
				DEBUG_INFORMATION_FORMAT = "dwarf-with-dsym";
				ENABLE_NS_ASSERTIONS = NO;
				ENABLE_STRICT_OBJC_MSGSEND = YES;
				GCC_C_LANGUAGE_STANDARD = gnu11;
				GCC_NO_COMMON_BLOCKS = YES;
				GCC_WARN_64_TO_32_BIT_CONVERSION = YES;
				GCC_WARN_ABOUT_RETURN_TYPE = YES_ERROR;
				GCC_WARN_UNDECLARED_SELECTOR = YES;
				GCC_WARN_UNINITIALIZED_AUTOS = YES_AGGRESSIVE;
				GCC_WARN_UNUSED_FUNCTION = YES;
				GCC_WARN_UNUSED_VARIABLE = YES;
				MACOSX_DEPLOYMENT_TARGET = 15.0;
				MTL_ENABLE_DEBUG_INFO = NO;
				MTL_FAST_MATH = YES;
				PRODUCT_NAME = "$(TARGET_NAME)";
				SDKROOT = macosx;
				SWIFT_COMPILATION_MODE = wholemodule;
				SWIFT_OPTIMIZATION_LEVEL = "-O";
				SWIFT_STRICT_CONCURRENCY = complete;
				SWIFT_VERSION = 6.0;
			};
			name = Release;
		};
		F53E4B51C3FA5828301CCE4B /* Release */ = {
			isa = XCBuildConfiguration;
			buildSettings = {
				ASSETCATALOG_COMPILER_APPICON_NAME = AppIcon;
				CODE_SIGN_ENTITLEMENTS = SlishuApp/Slishu.entitlements;
				CODE_SIGN_IDENTITY = "-";
				COMBINE_HIDPI_IMAGES = YES;
				GENERATE_INFOPLIST_FILE = YES;
				INFOPLIST_KEY_CFBundleDisplayName = "ZBS Eye";
				INFOPLIST_KEY_CFBundleName = "ZBS Eye";
				INFOPLIST_KEY_LSMinimumSystemVersion = 15.0;
				INFOPLIST_KEY_LSUIElement = NO;
				INFOPLIST_KEY_NSMicrophoneUsageDescription = "ZBS Eye записывает и транскрибирует аудио локально, для поиска по разговорам.";
				INFOPLIST_KEY_NSScreenCaptureUsageDescription = "ZBS Eye читает экран для истории активности и таймлайна, а также (если включено в настройках) записывает системный звук — звонки, встречи, видео — для поиска по разговорам. Всё остаётся на устройстве.";
				INFOPLIST_KEY_NSSpeechRecognitionUsageDescription = "ZBS Eye распознаёт речь на устройстве для поиска по аудио.";
				LD_RUNPATH_SEARCH_PATHS = (
					"$(inherited)",
					"@executable_path/../Frameworks",
				);
				PRODUCT_BUNDLE_IDENTIFIER = gg.zbs.eye;
				SDKROOT = macosx;
			};
			name = Release;
		};
/* End XCBuildConfiguration section */

/* Begin XCConfigurationList section */
		2EA9BC6A0C9527FF9C787371 /* Build configuration list for PBXNativeTarget "Slishu" */ = {
			isa = XCConfigurationList;
			buildConfigurations = (
				05CD5FA9B38FA04A98ED2D70 /* Debug */,
				F53E4B51C3FA5828301CCE4B /* Release */,
			);
			defaultConfigurationIsVisible = 0;
			defaultConfigurationName = Debug;
		};
		A69C558B52122CE55ACA4716 /* Build configuration list for PBXProject "Slishu" */ = {
			isa = XCConfigurationList;
			buildConfigurations = (
				298E4CA75C88CA98C5CAE162 /* Debug */,
				63D21121862DA26546E394A3 /* Release */,
			);
			defaultConfigurationIsVisible = 0;
			defaultConfigurationName = Debug;
		};
/* End XCConfigurationList section */

/* Begin XCLocalSwiftPackageReference section */
		CF364F2A4EAA7B8B90695D00 /* XCLocalSwiftPackageReference "Packages/SlishuVec" */ = {
			isa = XCLocalSwiftPackageReference;
			relativePath = Packages/SlishuVec;
		};
/* End XCLocalSwiftPackageReference section */

/* Begin XCRemoteSwiftPackageReference section */
		106C06B0B6452BACFC7F1DAE /* XCRemoteSwiftPackageReference "FlyingFox" */ = {
			isa = XCRemoteSwiftPackageReference;
			repositoryURL = "https://github.com/swhitty/FlyingFox";
			requirement = {
				kind = upToNextMajorVersion;
				minimumVersion = 0.26.0;
			};
		};
		1CBB92F0CB01483EAEB1500F /* XCRemoteSwiftPackageReference "swift-sdk" */ = {
			isa = XCRemoteSwiftPackageReference;
			repositoryURL = "https://github.com/modelcontextprotocol/swift-sdk";
			requirement = {
				kind = exactVersion;
				version = 0.12.1;
			};
		};
		45E36CE729E209E46C47C65A /* XCRemoteSwiftPackageReference "swift-embeddings" */ = {
			isa = XCRemoteSwiftPackageReference;
			repositoryURL = "https://github.com/jkrukowski/swift-embeddings";
			requirement = {
				kind = upToNextMajorVersion;
				minimumVersion = 0.0.16;
			};
		};
		C24390838D629F3E87D039AE /* XCRemoteSwiftPackageReference "GRDB.swift" */ = {
			isa = XCRemoteSwiftPackageReference;
			repositoryURL = "https://github.com/groue/GRDB.swift";
			requirement = {
				kind = upToNextMajorVersion;
				minimumVersion = 7.0.0;
			};
		};
/* End XCRemoteSwiftPackageReference section */

/* Begin XCSwiftPackageProductDependency section */
		0400A9FFCFFEDA58732DAD1C /* FlyingFox */ = {
			isa = XCSwiftPackageProductDependency;
			package = 106C06B0B6452BACFC7F1DAE /* XCRemoteSwiftPackageReference "FlyingFox" */;
			productName = FlyingFox;
		};
		24742AAA299A4DCD60BFB663 /* Embeddings */ = {
			isa = XCSwiftPackageProductDependency;
			package = 45E36CE729E209E46C47C65A /* XCRemoteSwiftPackageReference "swift-embeddings" */;
			productName = Embeddings;
		};
		740207293E7322CB790FE9E8 /* MCP */ = {
			isa = XCSwiftPackageProductDependency;
			package = 1CBB92F0CB01483EAEB1500F /* XCRemoteSwiftPackageReference "swift-sdk" */;
			productName = MCP;
		};
		775C67561E5D8CFDF789B90E /* CSqliteVec */ = {
			isa = XCSwiftPackageProductDependency;
			productName = CSqliteVec;
		};
		E50BDB1867BCF8DAE6CCA7B7 /* GRDB */ = {
			isa = XCSwiftPackageProductDependency;
			package = C24390838D629F3E87D039AE /* XCRemoteSwiftPackageReference "GRDB.swift" */;
			productName = GRDB;
		};
/* End XCSwiftPackageProductDependency section */
	};
	rootObject = 0984AD069E54A0BE18DF48F0 /* Project object */;
}
