// !$*UTF8*$!
{
	archiveVersion = 1;
	classes = {
	};
	objectVersion = 77;
	objects = {

/* Begin PBXBuildFile section */
		0F88D37AF0489E8A5A51AC46 /* SlishuAudioRecorder.swift in Sources */ = {isa = PBXBuildFile; fileRef = ACE2A5011BCD26D6D0426242 /* SlishuAudioRecorder.swift */; };
		13D66DFDFC6D9397D85352C4 /* SlishuDatabase.swift in Sources */ = {isa = PBXBuildFile; fileRef = 93A4DEB3272FFF69AE8B0631 /* SlishuDatabase.swift */; };
		1EC089426439FA3B21634F4C /* ContentView.swift in Sources */ = {isa = PBXBuildFile; fileRef = 6055BBCB3CF74720844BC03B /* ContentView.swift */; };
		2F664B600F99A8C0C0800ABB /* GRDB in Frameworks */ = {isa = PBXBuildFile; productRef = E50BDB1867BCF8DAE6CCA7B7 /* GRDB */; };
		5015DE37ED5E57492B53D221 /* SlishuApp.swift in Sources */ = {isa = PBXBuildFile; fileRef = 8624A2C07175C045DDB0E6CB /* SlishuApp.swift */; };
		586ED9DB41FDEA657471B33A /* SlishuCapture.swift in Sources */ = {isa = PBXBuildFile; fileRef = 22F36BD4520B76BF454797E0 /* SlishuCapture.swift */; };
		5E5DB26A3227AAEBCD1B5503 /* SlishuServer.swift in Sources */ = {isa = PBXBuildFile; fileRef = 2D9574CA237530D25A61C138 /* SlishuServer.swift */; };
		6D9D665F2104997BEB6D4FE6 /* FlyingFox in Frameworks */ = {isa = PBXBuildFile; productRef = 0400A9FFCFFEDA58732DAD1C /* FlyingFox */; };
		94E04751D403B6BB79FAA891 /* MCP in Frameworks */ = {isa = PBXBuildFile; productRef = 740207293E7322CB790FE9E8 /* MCP */; };
		9B3BD95EAC3D0B86D24C5D35 /* SlishuSemanticSearch.swift in Sources */ = {isa = PBXBuildFile; fileRef = 445909D0B8A95C1639F39599 /* SlishuSemanticSearch.swift */; };
		A8A2B77BE82DD7ACCC563F7A /* SlishuMCP.swift in Sources */ = {isa = PBXBuildFile; fileRef = 8018D09DE3C9AF6797F2C873 /* SlishuMCP.swift */; };
		B030B2BB36E031B220C7277C /* SlishuTranscriptionManager.swift in Sources */ = {isa = PBXBuildFile; fileRef = 6943053B3F2F7F89737BD4FD /* SlishuTranscriptionManager.swift */; };
/* End PBXBuildFile section */

/* Begin PBXFileReference section */
		22F36BD4520B76BF454797E0 /* SlishuCapture.swift */ = {isa = PBXFileReference; lastKnownFileType = sourcecode.swift; path = SlishuCapture.swift; sourceTree = "<group>"; };
		2D9574CA237530D25A61C138 /* SlishuServer.swift */ = {isa = PBXFileReference; lastKnownFileType = sourcecode.swift; path = SlishuServer.swift; sourceTree = "<group>"; };
		445909D0B8A95C1639F39599 /* SlishuSemanticSearch.swift */ = {isa = PBXFileReference; lastKnownFileType = sourcecode.swift; path = SlishuSemanticSearch.swift; sourceTree = "<group>"; };
		6055BBCB3CF74720844BC03B /* ContentView.swift */ = {isa = PBXFileReference; lastKnownFileType = sourcecode.swift; path = ContentView.swift; sourceTree = "<group>"; };
		6943053B3F2F7F89737BD4FD /* SlishuTranscriptionManager.swift */ = {isa = PBXFileReference; lastKnownFileType = sourcecode.swift; path = SlishuTranscriptionManager.swift; sourceTree = "<group>"; };
		8018D09DE3C9AF6797F2C873 /* SlishuMCP.swift */ = {isa = PBXFileReference; lastKnownFileType = sourcecode.swift; path = SlishuMCP.swift; sourceTree = "<group>"; };
		8624A2C07175C045DDB0E6CB /* SlishuApp.swift */ = {isa = PBXFileReference; lastKnownFileType = sourcecode.swift; path = SlishuApp.swift; sourceTree = "<group>"; };
		8A78A09E10F29D6421032032 /* Slishu.app */ = {isa = PBXFileReference; explicitFileType = wrapper.application; includeInIndex = 0; path = Slishu.app; sourceTree = BUILT_PRODUCTS_DIR; };
		93A4DEB3272FFF69AE8B0631 /* SlishuDatabase.swift */ = {isa = PBXFileReference; lastKnownFileType = sourcecode.swift; path = SlishuDatabase.swift; sourceTree = "<group>"; };
		ACE2A5011BCD26D6D0426242 /* SlishuAudioRecorder.swift */ = {isa = PBXFileReference; lastKnownFileType = sourcecode.swift; path = SlishuAudioRecorder.swift; sourceTree = "<group>"; };
/* End PBXFileReference section */

/* Begin PBXFrameworksBuildPhase section */
		64D0D9246B14546EAD83297B /* Frameworks */ = {
			isa = PBXFrameworksBuildPhase;
			buildActionMask = 2147483647;
			files = (
				2F664B600F99A8C0C0800ABB /* GRDB in Frameworks */,
				6D9D665F2104997BEB6D4FE6 /* FlyingFox in Frameworks */,
				94E04751D403B6BB79FAA891 /* MCP in Frameworks */,
			);
			runOnlyForDeploymentPostprocessing = 0;
		};
/* End PBXFrameworksBuildPhase section */

/* Begin PBXGroup section */
		62BB6066E4BA86FA2A59191D = {
			isa = PBXGroup;
			children = (
				768128F56D3F0BA85D5D60D7 /* SlishuApp */,
				B1B58DF7C7C33D4EE86A0BD0 /* Products */,
			);
			sourceTree = "<group>";
		};
		768128F56D3F0BA85D5D60D7 /* SlishuApp */ = {
			isa = PBXGroup;
			children = (
				6055BBCB3CF74720844BC03B /* ContentView.swift */,
				8624A2C07175C045DDB0E6CB /* SlishuApp.swift */,
				ACE2A5011BCD26D6D0426242 /* SlishuAudioRecorder.swift */,
				22F36BD4520B76BF454797E0 /* SlishuCapture.swift */,
				93A4DEB3272FFF69AE8B0631 /* SlishuDatabase.swift */,
				8018D09DE3C9AF6797F2C873 /* SlishuMCP.swift */,
				445909D0B8A95C1639F39599 /* SlishuSemanticSearch.swift */,
				2D9574CA237530D25A61C138 /* SlishuServer.swift */,
				6943053B3F2F7F89737BD4FD /* SlishuTranscriptionManager.swift */,
			);
			path = SlishuApp;
			sourceTree = "<group>";
		};
		B1B58DF7C7C33D4EE86A0BD0 /* Products */ = {
			isa = PBXGroup;
			children = (
				8A78A09E10F29D6421032032 /* Slishu.app */,
			);
			name = Products;
			sourceTree = "<group>";
		};
/* End PBXGroup section */

/* Begin PBXNativeTarget section */
		758F8283D7FA061AB6A42839 /* Slishu */ = {
			isa = PBXNativeTarget;
			buildConfigurationList = 2EA9BC6A0C9527FF9C787371 /* Build configuration list for PBXNativeTarget "Slishu" */;
			buildPhases = (
				65EFCC653E3A10FB57E37ADB /* Sources */,
				64D0D9246B14546EAD83297B /* Frameworks */,
			);
			buildRules = (
			);
			dependencies = (
			);
			name = Slishu;
			packageProductDependencies = (
				E50BDB1867BCF8DAE6CCA7B7 /* GRDB */,
				0400A9FFCFFEDA58732DAD1C /* FlyingFox */,
				740207293E7322CB790FE9E8 /* MCP */,
			);
			productName = Slishu;
			productReference = 8A78A09E10F29D6421032032 /* Slishu.app */;
			productType = "com.apple.product-type.application";
		};
/* End PBXNativeTarget section */

/* Begin PBXProject section */
		0984AD069E54A0BE18DF48F0 /* Project object */ = {
			isa = PBXProject;
			attributes = {
				BuildIndependentTargetsInParallel = YES;
				LastUpgradeCheck = 1430;
			};
			buildConfigurationList = A69C558B52122CE55ACA4716 /* Build configuration list for PBXProject "Slishu" */;
			compatibilityVersion = "Xcode 14.0";
			developmentRegion = ru;
			hasScannedForEncodings = 0;
			knownRegions = (
				Base,
				ru,
			);
			mainGroup = 62BB6066E4BA86FA2A59191D;
			minimizedProjectReferenceProxies = 1;
			packageReferences = (
				106C06B0B6452BACFC7F1DAE /* XCRemoteSwiftPackageReference "FlyingFox" */,
				C24390838D629F3E87D039AE /* XCRemoteSwiftPackageReference "GRDB.swift" */,
				1CBB92F0CB01483EAEB1500F /* XCRemoteSwiftPackageReference "swift-sdk" */,
			);
			preferredProjectObjectVersion = 77;
			projectDirPath = "";
			projectRoot = "";
			targets = (
				758F8283D7FA061AB6A42839 /* Slishu */,
			);
		};
/* End PBXProject section */

/* Begin PBXSourcesBuildPhase section */
		65EFCC653E3A10FB57E37ADB /* Sources */ = {
			isa = PBXSourcesBuildPhase;
			buildActionMask = 2147483647;
			files = (
				1EC089426439FA3B21634F4C /* ContentView.swift in Sources */,
				5015DE37ED5E57492B53D221 /* SlishuApp.swift in Sources */,
				0F88D37AF0489E8A5A51AC46 /* SlishuAudioRecorder.swift in Sources */,
				586ED9DB41FDEA657471B33A /* SlishuCapture.swift in Sources */,
				13D66DFDFC6D9397D85352C4 /* SlishuDatabase.swift in Sources */,
				A8A2B77BE82DD7ACCC563F7A /* SlishuMCP.swift in Sources */,
				9B3BD95EAC3D0B86D24C5D35 /* SlishuSemanticSearch.swift in Sources */,
				5E5DB26A3227AAEBCD1B5503 /* SlishuServer.swift in Sources */,
				B030B2BB36E031B220C7277C /* SlishuTranscriptionManager.swift in Sources */,
			);
			runOnlyForDeploymentPostprocessing = 0;
		};
/* End PBXSourcesBuildPhase section */

/* Begin XCBuildConfiguration section */
		05CD5FA9B38FA04A98ED2D70 /* Debug */ = {
			isa = XCBuildConfiguration;
			buildSettings = {
				ASSETCATALOG_COMPILER_APPICON_NAME = AppIcon;
				COMBINE_HIDPI_IMAGES = YES;
				GENERATE_INFOPLIST_FILE = YES;
				INFOPLIST_KEY_NSMicrophoneUsageDescription = "Slishu требует доступ к микрофону для записи и транскрибирования аудиоактивности.";
				INFOPLIST_KEY_NSScreenCaptureUsageDescription = "Slishu требует доступ к экрану для записи вашей активности и работы таймлайна.";
				LD_RUNPATH_SEARCH_PATHS = (
					"$(inherited)",
					"@executable_path/../Frameworks",
				);
				MACOSX_DEPLOYMENT_TARGET = 14.0;
				PRODUCT_BUNDLE_IDENTIFIER = com.slishu.SlishuApp;
				SDKROOT = macosx;
			};
			name = Debug;
		};
		298E4CA75C88CA98C5CAE162 /* Debug */ = {
			isa = XCBuildConfiguration;
			buildSettings = {
				ALWAYS_SEARCH_USER_PATHS = NO;
				CLANG_ANALYZER_NONNULL = YES;
				CLANG_ANALYZER_NUMBER_OBJECT_CONVERSION = YES_AGGRESSIVE;
				CLANG_CXX_LANGUAGE_STANDARD = "gnu++14";
				CLANG_CXX_LIBRARY = "libc++";
				CLANG_ENABLE_MODULES = YES;
				CLANG_ENABLE_OBJC_ARC = YES;
				CLANG_ENABLE_OBJC_WEAK = YES;
				CLANG_WARN_BLOCK_CAPTURE_AUTORELEASING = YES;
				CLANG_WARN_BOOL_CONVERSION = YES;
				CLANG_WARN_COMMA = YES;
				CLANG_WARN_CONSTANT_CONVERSION = YES;
				CLANG_WARN_DEPRECATED_OBJC_IMPLEMENTATIONS = YES;
				CLANG_WARN_DIRECT_OBJC_ISA_USAGE = YES_ERROR;
				CLANG_WARN_DOCUMENTATION_COMMENTS = YES;
				CLANG_WARN_EMPTY_BODY = YES;
				CLANG_WARN_ENUM_CONVERSION = YES;
				CLANG_WARN_INFINITE_RECURSION = YES;
				CLANG_WARN_INT_CONVERSION = YES;
				CLANG_WARN_NON_LITERAL_NULL_CONVERSION = YES;
				CLANG_WARN_OBJC_IMPLICIT_RETAIN_SELF = YES;
				CLANG_WARN_OBJC_LITERAL_CONVERSION = YES;
				CLANG_WARN_OBJC_ROOT_CLASS = YES_ERROR;
				CLANG_WARN_QUOTED_INCLUDE_IN_FRAMEWORK_HEADER = YES;
				CLANG_WARN_RANGE_LOOP_ANALYSIS = YES;
				CLANG_WARN_STRICT_PROTOTYPES = YES;
				CLANG_WARN_SUSPICIOUS_MOVE = YES;
				CLANG_WARN_UNGUARDED_AVAILABILITY = YES_AGGRESSIVE;
				CLANG_WARN_UNREACHABLE_CODE = YES;
				CLANG_WARN__DUPLICATE_METHOD_MATCH = YES;
				COPY_PHASE_STRIP = NO;
				DEBUG_INFORMATION_FORMAT = dwarf;
				ENABLE_STRICT_OBJC_MSGSEND = YES;
				ENABLE_TESTABILITY = YES;
				GCC_C_LANGUAGE_STANDARD = gnu11;
				GCC_DYNAMIC_NO_PIC = NO;
				GCC_NO_COMMON_BLOCKS = YES;
				GCC_OPTIMIZATION_LEVEL = 0;
				GCC_PREPROCESSOR_DEFINITIONS = (
					"$(inherited)",
					"DEBUG=1",
				);
				GCC_WARN_64_TO_32_BIT_CONVERSION = YES;
				GCC_WARN_ABOUT_RETURN_TYPE = YES_ERROR;
				GCC_WARN_UNDECLARED_SELECTOR = YES;
				GCC_WARN_UNINITIALIZED_AUTOS = YES_AGGRESSIVE;
				GCC_WARN_UNUSED_FUNCTION = YES;
				GCC_WARN_UNUSED_VARIABLE = YES;
				MTL_ENABLE_DEBUG_INFO = INCLUDE_SOURCE;
				MTL_FAST_MATH = YES;
				ONLY_ACTIVE_ARCH = YES;
				PRODUCT_NAME = "$(TARGET_NAME)";
				SDKROOT = macosx;
				SWIFT_ACTIVE_COMPILATION_CONDITIONS = DEBUG;
				SWIFT_OPTIMIZATION_LEVEL = "-Onone";
				SWIFT_VERSION = 5.0;
			};
			name = Debug;
		};
		63D21121862DA26546E394A3 /* Release */ = {
			isa = XCBuildConfiguration;
			buildSettings = {
				ALWAYS_SEARCH_USER_PATHS = NO;
				CLANG_ANALYZER_NONNULL = YES;
				CLANG_ANALYZER_NUMBER_OBJECT_CONVERSION = YES_AGGRESSIVE;
				CLANG_CXX_LANGUAGE_STANDARD = "gnu++14";
				CLANG_CXX_LIBRARY = "libc++";
				CLANG_ENABLE_MODULES = YES;
				CLANG_ENABLE_OBJC_ARC = YES;
				CLANG_ENABLE_OBJC_WEAK = YES;
				CLANG_WARN_BLOCK_CAPTURE_AUTORELEASING = YES;
				CLANG_WARN_BOOL_CONVERSION = YES;
				CLANG_WARN_COMMA = YES;
				CLANG_WARN_CONSTANT_CONVERSION = YES;
				CLANG_WARN_DEPRECATED_OBJC_IMPLEMENTATIONS = YES;
				CLANG_WARN_DIRECT_OBJC_ISA_USAGE = YES_ERROR;
				CLANG_WARN_DOCUMENTATION_COMMENTS = YES;
				CLANG_WARN_EMPTY_BODY = YES;
				CLANG_WARN_ENUM_CONVERSION = YES;
				CLANG_WARN_INFINITE_RECURSION = YES;
				CLANG_WARN_INT_CONVERSION = YES;
				CLANG_WARN_NON_LITERAL_NULL_CONVERSION = YES;
				CLANG_WARN_OBJC_IMPLICIT_RETAIN_SELF = YES;
				CLANG_WARN_OBJC_LITERAL_CONVERSION = YES;
				CLANG_WARN_OBJC_ROOT_CLASS = YES_ERROR;
				CLANG_WARN_QUOTED_INCLUDE_IN_FRAMEWORK_HEADER = YES;
				CLANG_WARN_RANGE_LOOP_ANALYSIS = YES;
				CLANG_WARN_STRICT_PROTOTYPES = YES;
				CLANG_WARN_SUSPICIOUS_MOVE = YES;
				CLANG_WARN_UNGUARDED_AVAILABILITY = YES_AGGRESSIVE;
				CLANG_WARN_UNREACHABLE_CODE = YES;
				CLANG_WARN__DUPLICATE_METHOD_MATCH = YES;
				COPY_PHASE_STRIP = NO;
				DEBUG_INFORMATION_FORMAT = "dwarf-with-dsym";
				ENABLE_NS_ASSERTIONS = NO;
				ENABLE_STRICT_OBJC_MSGSEND = YES;
				GCC_C_LANGUAGE_STANDARD = gnu11;
				GCC_NO_COMMON_BLOCKS = YES;
				GCC_WARN_64_TO_32_BIT_CONVERSION = YES;
				GCC_WARN_ABOUT_RETURN_TYPE = YES_ERROR;
				GCC_WARN_UNDECLARED_SELECTOR = YES;
				GCC_WARN_UNINITIALIZED_AUTOS = YES_AGGRESSIVE;
				GCC_WARN_UNUSED_FUNCTION = YES;
				GCC_WARN_UNUSED_VARIABLE = YES;
				MTL_ENABLE_DEBUG_INFO = NO;
				MTL_FAST_MATH = YES;
				PRODUCT_NAME = "$(TARGET_NAME)";
				SDKROOT = macosx;
				SWIFT_COMPILATION_MODE = wholemodule;
				SWIFT_OPTIMIZATION_LEVEL = "-O";
				SWIFT_VERSION = 5.0;
			};
			name = Release;
		};
		F53E4B51C3FA5828301CCE4B /* Release */ = {
			isa = XCBuildConfiguration;
			buildSettings = {
				ASSETCATALOG_COMPILER_APPICON_NAME = AppIcon;
				COMBINE_HIDPI_IMAGES = YES;
				GENERATE_INFOPLIST_FILE = YES;
				INFOPLIST_KEY_NSMicrophoneUsageDescription = "Slishu требует доступ к микрофону для записи и транскрибирования аудиоактивности.";
				INFOPLIST_KEY_NSScreenCaptureUsageDescription = "Slishu требует доступ к экрану для записи вашей активности и работы таймлайна.";
				LD_RUNPATH_SEARCH_PATHS = (
					"$(inherited)",
					"@executable_path/../Frameworks",
				);
				MACOSX_DEPLOYMENT_TARGET = 14.0;
				PRODUCT_BUNDLE_IDENTIFIER = com.slishu.SlishuApp;
				SDKROOT = macosx;
			};
			name = Release;
		};
/* End XCBuildConfiguration section */

/* Begin XCConfigurationList section */
		2EA9BC6A0C9527FF9C787371 /* Build configuration list for PBXNativeTarget "Slishu" */ = {
			isa = XCConfigurationList;
			buildConfigurations = (
				05CD5FA9B38FA04A98ED2D70 /* Debug */,
				F53E4B51C3FA5828301CCE4B /* Release */,
			);
			defaultConfigurationIsVisible = 0;
			defaultConfigurationName = Debug;
		};
		A69C558B52122CE55ACA4716 /* Build configuration list for PBXProject "Slishu" */ = {
			isa = XCConfigurationList;
			buildConfigurations = (
				298E4CA75C88CA98C5CAE162 /* Debug */,
				63D21121862DA26546E394A3 /* Release */,
			);
			defaultConfigurationIsVisible = 0;
			defaultConfigurationName = Debug;
		};
/* End XCConfigurationList section */

/* Begin XCRemoteSwiftPackageReference section */
		106C06B0B6452BACFC7F1DAE /* XCRemoteSwiftPackageReference "FlyingFox" */ = {
			isa = XCRemoteSwiftPackageReference;
			repositoryURL = "https://github.com/swhitty/FlyingFox";
			requirement = {
				kind = upToNextMajorVersion;
				minimumVersion = 0.16.0;
			};
		};
		1CBB92F0CB01483EAEB1500F /* XCRemoteSwiftPackageReference "swift-sdk" */ = {
			isa = XCRemoteSwiftPackageReference;
			repositoryURL = "https://github.com/modelcontextprotocol/swift-sdk";
			requirement = {
				branch = main;
				kind = branch;
			};
		};
		C24390838D629F3E87D039AE /* XCRemoteSwiftPackageReference "GRDB.swift" */ = {
			isa = XCRemoteSwiftPackageReference;
			repositoryURL = "https://github.com/groue/GRDB.swift";
			requirement = {
				kind = upToNextMajorVersion;
				minimumVersion = 6.27.0;
			};
		};
/* End XCRemoteSwiftPackageReference section */

/* Begin XCSwiftPackageProductDependency section */
		0400A9FFCFFEDA58732DAD1C /* FlyingFox */ = {
			isa = XCSwiftPackageProductDependency;
			package = 106C06B0B6452BACFC7F1DAE /* XCRemoteSwiftPackageReference "FlyingFox" */;
			productName = FlyingFox;
		};
		740207293E7322CB790FE9E8 /* MCP */ = {
			isa = XCSwiftPackageProductDependency;
			package = 1CBB92F0CB01483EAEB1500F /* XCRemoteSwiftPackageReference "swift-sdk" */;
			productName = MCP;
		};
		E50BDB1867BCF8DAE6CCA7B7 /* GRDB */ = {
			isa = XCSwiftPackageProductDependency;
			package = C24390838D629F3E87D039AE /* XCRemoteSwiftPackageReference "GRDB.swift" */;
			productName = GRDB;
		};
/* End XCSwiftPackageProductDependency section */
	};
	rootObject = 0984AD069E54A0BE18DF48F0 /* Project object */;
}
